// !$*UTF8*$!
{
	archiveVersion = 1;
	classes = {
	};
	objectVersion = 50;
	objects = {

/* Begin PBXBuildFile section */
		7A2FE0FA257A0BAC00E86FAB /* CookBookOnWhatch WatchKit App.app in Embed Watch Content */ = {isa = PBXBuildFile; fileRef = 7A2FE0F9257A0BAC00E86FAB /* CookBookOnWhatch WatchKit App.app */; settings = {ATTRIBUTES = (RemoveHeadersOnCopy, ); }; };
		7A2FE100257A0BAC00E86FAB /* Interface.storyboard in Resources */ = {isa = PBXBuildFile; fileRef = 7A2FE0FE257A0BAC00E86FAB /* Interface.storyboard */; };
		7A2FE102257A0BAF00E86FAB /* Assets.xcassets in Resources */ = {isa = PBXBuildFile; fileRef = 7A2FE101257A0BAF00E86FAB /* Assets.xcassets */; };
		7A2FE109257A0BB000E86FAB /* CookBookOnWhatch WatchKit Extension.appex in Embed App Extensions */ = {isa = PBXBuildFile; fileRef = 7A2FE108257A0BB000E86FAB /* CookBookOnWhatch WatchKit Extension.appex */; settings = {ATTRIBUTES = (RemoveHeadersOnCopy, ); }; };
		7A2FE10E257A0BB000E86FAB /* TableRecipesIC.swift in Sources */ = {isa = PBXBuildFile; fileRef = 7A2FE10D257A0BB000E86FAB /* TableRecipesIC.swift */; };
		7A2FE110257A0BB000E86FAB /* ExtensionDelegate.swift in Sources */ = {isa = PBXBuildFile; fileRef = 7A2FE10F257A0BB000E86FAB /* ExtensionDelegate.swift */; };
		7A2FE112257A0BB000E86FAB /* NotificationController.swift in Sources */ = {isa = PBXBuildFile; fileRef = 7A2FE111257A0BB000E86FAB /* NotificationController.swift */; };
		7A2FE114257A0BB000E86FAB /* ComplicationController.swift in Sources */ = {isa = PBXBuildFile; fileRef = 7A2FE113257A0BB000E86FAB /* ComplicationController.swift */; };
		7A2FE116257A0BB500E86FAB /* Assets.xcassets in Resources */ = {isa = PBXBuildFile; fileRef = 7A2FE115257A0BB500E86FAB /* Assets.xcassets */; };
		7A2FE12D257A111E00E86FAB /* RowTable.swift in Sources */ = {isa = PBXBuildFile; fileRef = 7A2FE12C257A111E00E86FAB /* RowTable.swift */; };
		7A2FE132257A11F000E86FAB /* Recipes.swift in Sources */ = {isa = PBXBuildFile; fileRef = 7A2FE131257A11F000E86FAB /* Recipes.swift */; };
		7A2FE137257A205E00E86FAB /* DetailRecipeIC.swift in Sources */ = {isa = PBXBuildFile; fileRef = 7A2FE136257A205E00E86FAB /* DetailRecipeIC.swift */; };
		7A2FE13C257A237500E86FAB /* DescriptionRecipeIC.swift in Sources */ = {isa = PBXBuildFile; fileRef = 7A2FE13B257A237500E86FAB /* DescriptionRecipeIC.swift */; };
/* End PBXBuildFile section */

/* Begin PBXContainerItemProxy section */
		7A2FE0FB257A0BAC00E86FAB /* PBXContainerItemProxy */ = {
			isa = PBXContainerItemProxy;
			containerPortal = 7A2FE0EF257A0BAB00E86FAB /* Project object */;
			proxyType = 1;
			remoteGlobalIDString = 7A2FE0F8257A0BAC00E86FAB;
			remoteInfo = "CookBookOnWhatch WatchKit App";
		};
		7A2FE10A257A0BB000E86FAB /* PBXContainerItemProxy */ = {
			isa = PBXContainerItemProxy;
			containerPortal = 7A2FE0EF257A0BAB00E86FAB /* Project object */;
			proxyType = 1;
			remoteGlobalIDString = 7A2FE107257A0BB000E86FAB;
			remoteInfo = "CookBookOnWhatch WatchKit Extension";
		};
/* End PBXContainerItemProxy section */

/* Begin PBXCopyFilesBuildPhase section */
		7A2FE11E257A0BB500E86FAB /* Embed App Extensions */ = {
			isa = PBXCopyFilesBuildPhase;
			buildActionMask = 2147483647;
			dstPath = "";
			dstSubfolderSpec = 13;
			files = (
				7A2FE109257A0BB000E86FAB /* CookBookOnWhatch WatchKit Extension.appex in Embed App Extensions */,
			);
			name = "Embed App Extensions";
			runOnlyForDeploymentPostprocessing = 0;
		};
		7A2FE122257A0BB500E86FAB /* Embed Watch Content */ = {
			isa = PBXCopyFilesBuildPhase;
			buildActionMask = 2147483647;
			dstPath = "$(CONTENTS_FOLDER_PATH)/Watch";
			dstSubfolderSpec = 16;
			files = (
				7A2FE0FA257A0BAC00E86FAB /* CookBookOnWhatch WatchKit App.app in Embed Watch Content */,
			);
			name = "Embed Watch Content";
			runOnlyForDeploymentPostprocessing = 0;
		};
/* End PBXCopyFilesBuildPhase section */

/* Begin PBXFileReference section */
		7A2FE0F5257A0BAB00E86FAB /* CookBookOnWhatch.app */ = {isa = PBXFileReference; explicitFileType = wrapper.application; includeInIndex = 0; path = CookBookOnWhatch.app; sourceTree = BUILT_PRODUCTS_DIR; };
		7A2FE0F9257A0BAC00E86FAB /* CookBookOnWhatch WatchKit App.app */ = {isa = PBXFileReference; explicitFileType = wrapper.application; includeInIndex = 0; path = "CookBookOnWhatch WatchKit App.app"; sourceTree = BUILT_PRODUCTS_DIR; };
		7A2FE0FF257A0BAC00E86FAB /* Base */ = {isa = PBXFileReference; lastKnownFileType = file.storyboard; name = Base; path = Base.lproj/Interface.storyboard; sourceTree = "<group>"; };
		7A2FE101257A0BAF00E86FAB /* Assets.xcassets */ = {isa = PBXFileReference; lastKnownFileType = folder.assetcatalog; path = Assets.xcassets; sourceTree = "<group>"; };
		7A2FE103257A0BAF00E86FAB /* Info.plist */ = {isa = PBXFileReference; lastKnownFileType = text.plist.xml; path = Info.plist; sourceTree = "<group>"; };
		7A2FE108257A0BB000E86FAB /* CookBookOnWhatch WatchKit Extension.appex */ = {isa = PBXFileReference; explicitFileType = "wrapper.app-extension"; includeInIndex = 0; path = "CookBookOnWhatch WatchKit Extension.appex"; sourceTree = BUILT_PRODUCTS_DIR; };
		7A2FE10D257A0BB000E86FAB /* TableRecipesIC.swift */ = {isa = PBXFileReference; lastKnownFileType = sourcecode.swift; path = TableRecipesIC.swift; sourceTree = "<group>"; };
		7A2FE10F257A0BB000E86FAB /* ExtensionDelegate.swift */ = {isa = PBXFileReference; lastKnownFileType = sourcecode.swift; path = ExtensionDelegate.swift; sourceTree = "<group>"; };
		7A2FE111257A0BB000E86FAB /* NotificationController.swift */ = {isa = PBXFileReference; lastKnownFileType = sourcecode.swift; path = NotificationController.swift; sourceTree = "<group>"; };
		7A2FE113257A0BB000E86FAB /* ComplicationController.swift */ = {isa = PBXFileReference; lastKnownFileType = sourcecode.swift; path = ComplicationController.swift; sourceTree = "<group>"; };
		7A2FE115257A0BB500E86FAB /* Assets.xcassets */ = {isa = PBXFileReference; lastKnownFileType = folder.assetcatalog; path = Assets.xcassets; sourceTree = "<group>"; };
		7A2FE117257A0BB500E86FAB /* Info.plist */ = {isa = PBXFileReference; lastKnownFileType = text.plist.xml; path = Info.plist; sourceTree = "<group>"; };
		7A2FE118257A0BB500E86FAB /* PushNotificationPayload.apns */ = {isa = PBXFileReference; lastKnownFileType = text; path = PushNotificationPayload.apns; sourceTree = "<group>"; };
		7A2FE12C257A111E00E86FAB /* RowTable.swift */ = {isa = PBXFileReference; lastKnownFileType = sourcecode.swift; path = RowTable.swift; sourceTree = "<group>"; };
		7A2FE131257A11F000E86FAB /* Recipes.swift */ = {isa = PBXFileReference; lastKnownFileType = sourcecode.swift; path = Recipes.swift; sourceTree = "<group>"; };
		7A2FE136257A205E00E86FAB /* DetailRecipeIC.swift */ = {isa = PBXFileReference; lastKnownFileType = sourcecode.swift; path = DetailRecipeIC.swift; sourceTree = "<group>"; };
		7A2FE13B257A237500E86FAB /* DescriptionRecipeIC.swift */ = {isa = PBXFileReference; lastKnownFileType = sourcecode.swift; path = DescriptionRecipeIC.swift; sourceTree = "<group>"; };
/* End PBXFileReference section */

/* Begin PBXFrameworksBuildPhase section */
		7A2FE105257A0BB000E86FAB /* Frameworks */ = {
			isa = PBXFrameworksBuildPhase;
			buildActionMask = 2147483647;
			files = (
			);
			runOnlyForDeploymentPostprocessing = 0;
		};
/* End PBXFrameworksBuildPhase section */

/* Begin PBXGroup section */
		7A2FE0EE257A0BAB00E86FAB = {
			isa = PBXGroup;
			children = (
				7A2FE131257A11F000E86FAB /* Recipes.swift */,
				7A2FE0FD257A0BAC00E86FAB /* CookBookOnWhatch WatchKit App */,
				7A2FE10C257A0BB000E86FAB /* CookBookOnWhatch WatchKit Extension */,
				7A2FE0F6257A0BAB00E86FAB /* Products */,
			);
			sourceTree = "<group>";
		};
		7A2FE0F6257A0BAB00E86FAB /* Products */ = {
			isa = PBXGroup;
			children = (
				7A2FE0F5257A0BAB00E86FAB /* CookBookOnWhatch.app */,
				7A2FE0F9257A0BAC00E86FAB /* CookBookOnWhatch WatchKit App.app */,
				7A2FE108257A0BB000E86FAB /* CookBookOnWhatch WatchKit Extension.appex */,
			);
			name = Products;
			sourceTree = "<group>";
		};
		7A2FE0FD257A0BAC00E86FAB /* CookBookOnWhatch WatchKit App */ = {
			isa = PBXGroup;
			children = (
				7A2FE0FE257A0BAC00E86FAB /* Interface.storyboard */,
				7A2FE101257A0BAF00E86FAB /* Assets.xcassets */,
				7A2FE103257A0BAF00E86FAB /* Info.plist */,
			);
			path = "CookBookOnWhatch WatchKit App";
			sourceTree = "<group>";
		};
		7A2FE10C257A0BB000E86FAB /* CookBookOnWhatch WatchKit Extension */ = {
			isa = PBXGroup;
			children = (
				7AD6C8D1257A673D003D5341 /* Supported files */,
				7A2FE10D257A0BB000E86FAB /* TableRecipesIC.swift */,
				7A2FE12C257A111E00E86FAB /* RowTable.swift */,
				7A2FE13B257A237500E86FAB /* DescriptionRecipeIC.swift */,
				7A2FE136257A205E00E86FAB /* DetailRecipeIC.swift */,
				7A2FE115257A0BB500E86FAB /* Assets.xcassets */,
				7A2FE117257A0BB500E86FAB /* Info.plist */,
			);
			path = "CookBookOnWhatch WatchKit Extension";
			sourceTree = "<group>";
		};
		7AD6C8D1257A673D003D5341 /* Supported files */ = {
			isa = PBXGroup;
			children = (
				7A2FE10F257A0BB000E86FAB /* ExtensionDelegate.swift */,
				7A2FE111257A0BB000E86FAB /* NotificationController.swift */,
				7A2FE113257A0BB000E86FAB /* ComplicationController.swift */,
				7A2FE118257A0BB500E86FAB /* PushNotificationPayload.apns */,
			);
			path = "Supported files";
			sourceTree = "<group>";
		};
/* End PBXGroup section */

/* Begin PBXNativeTarget section */
		7A2FE0F4257A0BAB00E86FAB /* CookBookOnWhatch */ = {
			isa = PBXNativeTarget;
			buildConfigurationList = 7A2FE123257A0BB500E86FAB /* Build configuration list for PBXNativeTarget "CookBookOnWhatch" */;
			buildPhases = (
				7A2FE0F3257A0BAB00E86FAB /* Resources */,
				7A2FE122257A0BB500E86FAB /* Embed Watch Content */,
			);
			buildRules = (
			);
			dependencies = (
				7A2FE0FC257A0BAC00E86FAB /* PBXTargetDependency */,
			);
			name = CookBookOnWhatch;
			productName = CookBookOnWhatch;
			productReference = 7A2FE0F5257A0BAB00E86FAB /* CookBookOnWhatch.app */;
			productType = "com.apple.product-type.application.watchapp2-container";
		};
		7A2FE0F8257A0BAC00E86FAB /* CookBookOnWhatch WatchKit App */ = {
			isa = PBXNativeTarget;
			buildConfigurationList = 7A2FE11F257A0BB500E86FAB /* Build configuration list for PBXNativeTarget "CookBookOnWhatch WatchKit App" */;
			buildPhases = (
				7A2FE0F7257A0BAC00E86FAB /* Resources */,
				7A2FE11E257A0BB500E86FAB /* Embed App Extensions */,
			);
			buildRules = (
			);
			dependencies = (
				7A2FE10B257A0BB000E86FAB /* PBXTargetDependency */,
			);
			name = "CookBookOnWhatch WatchKit App";
			productName = "CookBookOnWhatch WatchKit App";
			productReference = 7A2FE0F9257A0BAC00E86FAB /* CookBookOnWhatch WatchKit App.app */;
			productType = "com.apple.product-type.application.watchapp2";
		};
		7A2FE107257A0BB000E86FAB /* CookBookOnWhatch WatchKit Extension */ = {
			isa = PBXNativeTarget;
			buildConfigurationList = 7A2FE11B257A0BB500E86FAB /* Build configuration list for PBXNativeTarget "CookBookOnWhatch WatchKit Extension" */;
			buildPhases = (
				7A2FE104257A0BB000E86FAB /* Sources */,
				7A2FE105257A0BB000E86FAB /* Frameworks */,
				7A2FE106257A0BB000E86FAB /* Resources */,
			);
			buildRules = (
			);
			dependencies = (
			);
			name = "CookBookOnWhatch WatchKit Extension";
			productName = "CookBookOnWhatch WatchKit Extension";
			productReference = 7A2FE108257A0BB000E86FAB /* CookBookOnWhatch WatchKit Extension.appex */;
			productType = "com.apple.product-type.watchkit2-extension";
		};
/* End PBXNativeTarget section */

/* Begin PBXProject section */
		7A2FE0EF257A0BAB00E86FAB /* Project object */ = {
			isa = PBXProject;
			attributes = {
				LastSwiftUpdateCheck = 1220;
				LastUpgradeCheck = 1220;
				TargetAttributes = {
					7A2FE0F4257A0BAB00E86FAB = {
						CreatedOnToolsVersion = 12.2;
					};
					7A2FE0F8257A0BAC00E86FAB = {
						CreatedOnToolsVersion = 12.2;
					};
					7A2FE107257A0BB000E86FAB = {
						CreatedOnToolsVersion = 12.2;
					};
				};
			};
			buildConfigurationList = 7A2FE0F2257A0BAB00E86FAB /* Build configuration list for PBXProject "CookBookOnWhatch" */;
			compatibilityVersion = "Xcode 9.3";
			developmentRegion = en;
			hasScannedForEncodings = 0;
			knownRegions = (
				en,
				Base,
			);
			mainGroup = 7A2FE0EE257A0BAB00E86FAB;
			productRefGroup = 7A2FE0F6257A0BAB00E86FAB /* Products */;
			projectDirPath = "";
			projectRoot = "";
			targets = (
				7A2FE0F4257A0BAB00E86FAB /* CookBookOnWhatch */,
				7A2FE0F8257A0BAC00E86FAB /* CookBookOnWhatch WatchKit App */,
				7A2FE107257A0BB000E86FAB /* CookBookOnWhatch WatchKit Extension */,
			);
		};
/* End PBXProject section */

/* Begin PBXResourcesBuildPhase section */
		7A2FE0F3257A0BAB00E86FAB /* Resources */ = {
			isa = PBXResourcesBuildPhase;
			buildActionMask = 2147483647;
			files = (
			);
			runOnlyForDeploymentPostprocessing = 0;
		};
		7A2FE0F7257A0BAC00E86FAB /* Resources */ = {
			isa = PBXResourcesBuildPhase;
			buildActionMask = 2147483647;
			files = (
				7A2FE102257A0BAF00E86FAB /* Assets.xcassets in Resources */,
				7A2FE100257A0BAC00E86FAB /* Interface.storyboard in Resources */,
			);
			runOnlyForDeploymentPostprocessing = 0;
		};
		7A2FE106257A0BB000E86FAB /* Resources */ = {
			isa = PBXResourcesBuildPhase;
			buildActionMask = 2147483647;
			files = (
				7A2FE116257A0BB500E86FAB /* Assets.xcassets in Resources */,
			);
			runOnlyForDeploymentPostprocessing = 0;
		};
/* End PBXResourcesBuildPhase section */

/* Begin PBXSourcesBuildPhase section */
		7A2FE104257A0BB000E86FAB /* Sources */ = {
			isa = PBXSourcesBuildPhase;
			buildActionMask = 2147483647;
			files = (
				7A2FE137257A205E00E86FAB /* DetailRecipeIC.swift in Sources */,
				7A2FE112257A0BB000E86FAB /* NotificationController.swift in Sources */,
				7A2FE132257A11F000E86FAB /* Recipes.swift in Sources */,
				7A2FE114257A0BB000E86FAB /* ComplicationController.swift in Sources */,
				7A2FE13C257A237500E86FAB /* DescriptionRecipeIC.swift in Sources */,
				7A2FE110257A0BB000E86FAB /* ExtensionDelegate.swift in Sources */,
				7A2FE10E257A0BB000E86FAB /* TableRecipesIC.swift in Sources */,
				7A2FE12D257A111E00E86FAB /* RowTable.swift in Sources */,
			);
			runOnlyForDeploymentPostprocessing = 0;
		};
/* End PBXSourcesBuildPhase section */

/* Begin PBXTargetDependency section */
		7A2FE0FC257A0BAC00E86FAB /* PBXTargetDependency */ = {
			isa = PBXTargetDependency;
			target = 7A2FE0F8257A0BAC00E86FAB /* CookBookOnWhatch WatchKit App */;
			targetProxy = 7A2FE0FB257A0BAC00E86FAB /* PBXContainerItemProxy */;
		};
		7A2FE10B257A0BB000E86FAB /* PBXTargetDependency */ = {
			isa = PBXTargetDependency;
			target = 7A2FE107257A0BB000E86FAB /* CookBookOnWhatch WatchKit Extension */;
			targetProxy = 7A2FE10A257A0BB000E86FAB /* PBXContainerItemProxy */;
		};
/* End PBXTargetDependency section */

/* Begin PBXVariantGroup section */
		7A2FE0FE257A0BAC00E86FAB /* Interface.storyboard */ = {
			isa = PBXVariantGroup;
			children = (
				7A2FE0FF257A0BAC00E86FAB /* Base */,
			);
			name = Interface.storyboard;
			sourceTree = "<group>";
		};
/* End PBXVariantGroup section */

/* Begin XCBuildConfiguration section */
		7A2FE119257A0BB500E86FAB /* Debug */ = {
			isa = XCBuildConfiguration;
			buildSettings = {
				ALWAYS_SEARCH_USER_PATHS = NO;
				CLANG_ANALYZER_NONNULL = YES;
				CLANG_ANALYZER_NUMBER_OBJECT_CONVERSION = YES_AGGRESSIVE;
				CLANG_CXX_LANGUAGE_STANDARD = "gnu++14";
				CLANG_CXX_LIBRARY = "libc++";
				CLANG_ENABLE_MODULES = YES;
				CLANG_ENABLE_OBJC_ARC = YES;
				CLANG_ENABLE_OBJC_WEAK = YES;
				CLANG_WARN_BLOCK_CAPTURE_AUTORELEASING = YES;
				CLANG_WARN_BOOL_CONVERSION = YES;
				CLANG_WARN_COMMA = YES;
				CLANG_WARN_CONSTANT_CONVERSION = YES;
				CLANG_WARN_DEPRECATED_OBJC_IMPLEMENTATIONS = YES;
				CLANG_WARN_DIRECT_OBJC_ISA_USAGE = YES_ERROR;
				CLANG_WARN_DOCUMENTATION_COMMENTS = YES;
				CLANG_WARN_EMPTY_BODY = YES;
				CLANG_WARN_ENUM_CONVERSION = YES;
				CLANG_WARN_INFINITE_RECURSION = YES;
				CLANG_WARN_INT_CONVERSION = YES;
				CLANG_WARN_NON_LITERAL_NULL_CONVERSION = YES;
				CLANG_WARN_OBJC_IMPLICIT_RETAIN_SELF = YES;
				CLANG_WARN_OBJC_LITERAL_CONVERSION = YES;
				CLANG_WARN_OBJC_ROOT_CLASS = YES_ERROR;
				CLANG_WARN_QUOTED_INCLUDE_IN_FRAMEWORK_HEADER = YES;
				CLANG_WARN_RANGE_LOOP_ANALYSIS = YES;
				CLANG_WARN_STRICT_PROTOTYPES = YES;
				CLANG_WARN_SUSPICIOUS_MOVE = YES;
				CLANG_WARN_UNGUARDED_AVAILABILITY = YES_AGGRESSIVE;
				CLANG_WARN_UNREACHABLE_CODE = YES;
				CLANG_WARN__DUPLICATE_METHOD_MATCH = YES;
				COPY_PHASE_STRIP = NO;
				DEBUG_INFORMATION_FORMAT = dwarf;
				ENABLE_STRICT_OBJC_MSGSEND = YES;
				ENABLE_TESTABILITY = YES;
				GCC_C_LANGUAGE_STANDARD = gnu11;
				GCC_DYNAMIC_NO_PIC = NO;
				GCC_NO_COMMON_BLOCKS = YES;
				GCC_OPTIMIZATION_LEVEL = 0;
				GCC_PREPROCESSOR_DEFINITIONS = (
					"DEBUG=1",
					"$(inherited)",
				);
				GCC_WARN_64_TO_32_BIT_CONVERSION = YES;
				GCC_WARN_ABOUT_RETURN_TYPE = YES_ERROR;
				GCC_WARN_UNDECLARED_SELECTOR = YES;
				GCC_WARN_UNINITIALIZED_AUTOS = YES_AGGRESSIVE;
				GCC_WARN_UNUSED_FUNCTION = YES;
				GCC_WARN_UNUSED_VARIABLE = YES;
				MTL_ENABLE_DEBUG_INFO = INCLUDE_SOURCE;
				MTL_FAST_MATH = YES;
				ONLY_ACTIVE_ARCH = YES;
				SDKROOT = iphoneos;
				SWIFT_ACTIVE_COMPILATION_CONDITIONS = DEBUG;
				SWIFT_OPTIMIZATION_LEVEL = "-Onone";
			};
			name = Debug;
		};
		7A2FE11A257A0BB500E86FAB /* Release */ = {
			isa = XCBuildConfiguration;
			buildSettings = {
				ALWAYS_SEARCH_USER_PATHS = NO;
				CLANG_ANALYZER_NONNULL = YES;
				CLANG_ANALYZER_NUMBER_OBJECT_CONVERSION = YES_AGGRESSIVE;
				CLANG_CXX_LANGUAGE_STANDARD = "gnu++14";
				CLANG_CXX_LIBRARY = "libc++";
				CLANG_ENABLE_MODULES = YES;
				CLANG_ENABLE_OBJC_ARC = YES;
				CLANG_ENABLE_OBJC_WEAK = YES;
				CLANG_WARN_BLOCK_CAPTURE_AUTORELEASING = YES;
				CLANG_WARN_BOOL_CONVERSION = YES;
				CLANG_WARN_COMMA = YES;
				CLANG_WARN_CONSTANT_CONVERSION = YES;
				CLANG_WARN_DEPRECATED_OBJC_IMPLEMENTATIONS = YES;
				CLANG_WARN_DIRECT_OBJC_ISA_USAGE = YES_ERROR;
				CLANG_WARN_DOCUMENTATION_COMMENTS = YES;
				CLANG_WARN_EMPTY_BODY = YES;
				CLANG_WARN_ENUM_CONVERSION = YES;
				CLANG_WARN_INFINITE_RECURSION = YES;
				CLANG_WARN_INT_CONVERSION = YES;
				CLANG_WARN_NON_LITERAL_NULL_CONVERSION = YES;
				CLANG_WARN_OBJC_IMPLICIT_RETAIN_SELF = YES;
				CLANG_WARN_OBJC_LITERAL_CONVERSION = YES;
				CLANG_WARN_OBJC_ROOT_CLASS = YES_ERROR;
				CLANG_WARN_QUOTED_INCLUDE_IN_FRAMEWORK_HEADER = YES;
				CLANG_WARN_RANGE_LOOP_ANALYSIS = YES;
				CLANG_WARN_STRICT_PROTOTYPES = YES;
				CLANG_WARN_SUSPICIOUS_MOVE = YES;
				CLANG_WARN_UNGUARDED_AVAILABILITY = YES_AGGRESSIVE;
				CLANG_WARN_UNREACHABLE_CODE = YES;
				CLANG_WARN__DUPLICATE_METHOD_MATCH = YES;
				COPY_PHASE_STRIP = NO;
				DEBUG_INFORMATION_FORMAT = "dwarf-with-dsym";
				ENABLE_NS_ASSERTIONS = NO;
				ENABLE_STRICT_OBJC_MSGSEND = YES;
				GCC_C_LANGUAGE_STANDARD = gnu11;
				GCC_NO_COMMON_BLOCKS = YES;
				GCC_WARN_64_TO_32_BIT_CONVERSION = YES;
				GCC_WARN_ABOUT_RETURN_TYPE = YES_ERROR;
				GCC_WARN_UNDECLARED_SELECTOR = YES;
				GCC_WARN_UNINITIALIZED_AUTOS = YES_AGGRESSIVE;
				GCC_WARN_UNUSED_FUNCTION = YES;
				GCC_WARN_UNUSED_VARIABLE = YES;
				MTL_ENABLE_DEBUG_INFO = NO;
				MTL_FAST_MATH = YES;
				SDKROOT = iphoneos;
				SWIFT_COMPILATION_MODE = wholemodule;
				SWIFT_OPTIMIZATION_LEVEL = "-O";
				VALIDATE_PRODUCT = YES;
			};
			name = Release;
		};
		7A2FE11C257A0BB500E86FAB /* Debug */ = {
			isa = XCBuildConfiguration;
			buildSettings = {
				ASSETCATALOG_COMPILER_COMPLICATION_NAME = Complication;
				CODE_SIGN_STYLE = Automatic;
				INFOPLIST_FILE = "CookBookOnWhatch WatchKit Extension/Info.plist";
				LD_RUNPATH_SEARCH_PATHS = (
					"$(inherited)",
					"@executable_path/Frameworks",
					"@executable_path/../../Frameworks",
				);
				PRODUCT_BUNDLE_IDENTIFIER = "elizabeth-tech.CookBookOnWhatch.watchkitapp.watchkitextension";
				PRODUCT_NAME = "${TARGET_NAME}";
				SDKROOT = watchos;
				SKIP_INSTALL = YES;
				SWIFT_VERSION = 5.0;
				TARGETED_DEVICE_FAMILY = 4;
				WATCHOS_DEPLOYMENT_TARGET = 7.1;
			};
			name = Debug;
		};
		7A2FE11D257A0BB500E86FAB /* Release */ = {
			isa = XCBuildConfiguration;
			buildSettings = {
				ASSETCATALOG_COMPILER_COMPLICATION_NAME = Complication;
				CODE_SIGN_STYLE = Automatic;
				INFOPLIST_FILE = "CookBookOnWhatch WatchKit Extension/Info.plist";
				LD_RUNPATH_SEARCH_PATHS = (
					"$(inherited)",
					"@executable_path/Frameworks",
					"@executable_path/../../Frameworks",
				);
				PRODUCT_BUNDLE_IDENTIFIER = "elizabeth-tech.CookBookOnWhatch.watchkitapp.watchkitextension";
				PRODUCT_NAME = "${TARGET_NAME}";
				SDKROOT = watchos;
				SKIP_INSTALL = YES;
				SWIFT_VERSION = 5.0;
				TARGETED_DEVICE_FAMILY = 4;
				WATCHOS_DEPLOYMENT_TARGET = 7.1;
			};
			name = Release;
		};
		7A2FE120257A0BB500E86FAB /* Debug */ = {
			isa = XCBuildConfiguration;
			buildSettings = {
				ALWAYS_EMBED_SWIFT_STANDARD_LIBRARIES = YES;
				ASSETCATALOG_COMPILER_APPICON_NAME = AppIcon;
				ASSETCATALOG_COMPILER_GLOBAL_ACCENT_COLOR_NAME = AccentColor;
				CODE_SIGN_STYLE = Automatic;
				IBSC_MODULE = CookBookOnWhatch_WatchKit_Extension;
				INFOPLIST_FILE = "CookBookOnWhatch WatchKit App/Info.plist";
				PRODUCT_BUNDLE_IDENTIFIER = "elizabeth-tech.CookBookOnWhatch.watchkitapp";
				PRODUCT_NAME = "$(TARGET_NAME)";
				SDKROOT = watchos;
				SKIP_INSTALL = YES;
				SWIFT_VERSION = 5.0;
				TARGETED_DEVICE_FAMILY = 4;
				WATCHOS_DEPLOYMENT_TARGET = 7.1;
			};
			name = Debug;
		};
		7A2FE121257A0BB500E86FAB /* Release */ = {
			isa = XCBuildConfiguration;
			buildSettings = {
				ALWAYS_EMBED_SWIFT_STANDARD_LIBRARIES = YES;
				ASSETCATALOG_COMPILER_APPICON_NAME = AppIcon;
				ASSETCATALOG_COMPILER_GLOBAL_ACCENT_COLOR_NAME = AccentColor;
				CODE_SIGN_STYLE = Automatic;
				IBSC_MODULE = CookBookOnWhatch_WatchKit_Extension;
				INFOPLIST_FILE = "CookBookOnWhatch WatchKit App/Info.plist";
				PRODUCT_BUNDLE_IDENTIFIER = "elizabeth-tech.CookBookOnWhatch.watchkitapp";
				PRODUCT_NAME = "$(TARGET_NAME)";
				SDKROOT = watchos;
				SKIP_INSTALL = YES;
				SWIFT_VERSION = 5.0;
				TARGETED_DEVICE_FAMILY = 4;
				WATCHOS_DEPLOYMENT_TARGET = 7.1;
			};
			name = Release;
		};
		7A2FE124257A0BB500E86FAB /* Debug */ = {
			isa = XCBuildConfiguration;
			buildSettings = {
				CODE_SIGN_STYLE = Automatic;
				CURRENT_PROJECT_VERSION = 1;
				MARKETING_VERSION = 1.0;
				PRODUCT_BUNDLE_IDENTIFIER = "elizabeth-tech.CookBookOnWhatch";
				PRODUCT_NAME = "$(TARGET_NAME)";
				SWIFT_VERSION = 5.0;
			};
			name = Debug;
		};
		7A2FE125257A0BB500E86FAB /* Release */ = {
			isa = XCBuildConfiguration;
			buildSettings = {
				CODE_SIGN_STYLE = Automatic;
				CURRENT_PROJECT_VERSION = 1;
				MARKETING_VERSION = 1.0;
				PRODUCT_BUNDLE_IDENTIFIER = "elizabeth-tech.CookBookOnWhatch";
				PRODUCT_NAME = "$(TARGET_NAME)";
				SWIFT_VERSION = 5.0;
			};
			name = Release;
		};
/* End XCBuildConfiguration section */

/* Begin XCConfigurationList section */
		7A2FE0F2257A0BAB00E86FAB /* Build configuration list for PBXProject "CookBookOnWhatch" */ = {
			isa = XCConfigurationList;
			buildConfigurations = (
				7A2FE119257A0BB500E86FAB /* Debug */,
				7A2FE11A257A0BB500E86FAB /* Release */,
			);
			defaultConfigurationIsVisible = 0;
			defaultConfigurationName = Release;
		};
		7A2FE11B257A0BB500E86FAB /* Build configuration list for PBXNativeTarget "CookBookOnWhatch WatchKit Extension" */ = {
			isa = XCConfigurationList;
			buildConfigurations = (
				7A2FE11C257A0BB500E86FAB /* Debug */,
				7A2FE11D257A0BB500E86FAB /* Release */,
			);
			defaultConfigurationIsVisible = 0;
			defaultConfigurationName = Release;
		};
		7A2FE11F257A0BB500E86FAB /* Build configuration list for PBXNativeTarget "CookBookOnWhatch WatchKit App" */ = {
			isa = XCConfigurationList;
			buildConfigurations = (
				7A2FE120257A0BB500E86FAB /* Debug */,
				7A2FE121257A0BB500E86FAB /* Release */,
			);
			defaultConfigurationIsVisible = 0;
			defaultConfigurationName = Release;
		};
		7A2FE123257A0BB500E86FAB /* Build configuration list for PBXNativeTarget "CookBookOnWhatch" */ = {
			isa = XCConfigurationList;
			buildConfigurations = (
				7A2FE124257A0BB500E86FAB /* Debug */,
				7A2FE125257A0BB500E86FAB /* Release */,
			);
			defaultConfigurationIsVisible = 0;
			defaultConfigurationName = Release;
		};
/* End XCConfigurationList section */
	};
	rootObject = 7A2FE0EF257A0BAB00E86FAB /* Project object */;
}
